
Microsoft Visual Studio Solution File, Format Version 12.00
# Visual Studio Version 17
VisualStudioVersion = 17.3.32819.101
MinimumVisualStudioVersion = 10.0.40219.1
Project("{FAE04EC0-301F-11D3-BF4B-00C04F79EFBC}") = "expensesApp_API", "expensesApp_API\expensesApp_API.csproj", "{EDE19010-F475-4713-BA4C-048DFD27E21B}"
EndProject
Global
	GlobalSection(SolutionConfigurationPlatforms) = preSolution
		Debug|Any CPU = Debug|Any CPU
		Release|Any CPU = Release|Any CPU
	EndGlobalSection
	GlobalSection(ProjectConfigurationPlatforms) = postSolution
		{EDE19010-F475-4713-BA4C-048DFD27E21B}.Debug|Any CPU.ActiveCfg = Debug|Any CPU
		{EDE19010-F475-4713-BA4C-048DFD27E21B}.Debug|Any CPU.Build.0 = Debug|Any CPU
		{EDE19010-F475-4713-BA4C-048DFD27E21B}.Release|Any CPU.ActiveCfg = Release|Any CPU
		{EDE19010-F475-4713-BA4C-048DFD27E21B}.Release|Any CPU.Build.0 = Release|Any CPU
	EndGlobalSection
	GlobalSection(SolutionProperties) = preSolution
		HideSolutionNode = FALSE
	EndGlobalSection
	GlobalSection(ExtensibilityGlobals) = postSolution
		SolutionGuid = {352E5956-7367-4DA5-8407-9B8221632C54}
	EndGlobalSection
EndGlobal
